{
  "name": "mesrch",
  "lockfileVersion": 3,
  "requires": true,
  "packages": {
    "": {
      "dependencies": {
        "libphonenumber-js": "^1.11.1"
      }
    },
    "node_modules/libphonenumber-js": {
      "version": "1.11.1",
      "resolved": "https://registry.npmjs.org/libphonenumber-js/-/libphonenumber-js-1.11.1.tgz",
      "integrity": "sha512-Wze1LPwcnzvcKGcRHFGFECTaLzxOtujwpf924difr5zniyYv1C2PiW0419qDR7m8lKDxsImu5mwxFuXhXpjmvw=="
    }
  }
}
